
Microsoft Visual Studio Solution File, Format Version 12.00
# Visual Studio 15
VisualStudioVersion = 15.0.28307.168
MinimumVisualStudioVersion = 10.0.40219.1
Project("{FAE04EC0-301F-11D3-BF4B-00C04F79EFBC}") = "ProyectoPropuestoPractica6Tema2", "ProyectoPropuestoPractica6Tema2\ProyectoPropuestoPractica6Tema2.csproj", "{C6CF643D-C8FF-4390-9B75-826E5D8E1BAD}"
EndProject
Global
	GlobalSection(SolutionConfigurationPlatforms) = preSolution
		Debug|Any CPU = Debug|Any CPU
		Release|Any CPU = Release|Any CPU
	EndGlobalSection
	GlobalSection(ProjectConfigurationPlatforms) = postSolution
		{C6CF643D-C8FF-4390-9B75-826E5D8E1BAD}.Debug|Any CPU.ActiveCfg = Debug|Any CPU
		{C6CF643D-C8FF-4390-9B75-826E5D8E1BAD}.Debug|Any CPU.Build.0 = Debug|Any CPU
		{C6CF643D-C8FF-4390-9B75-826E5D8E1BAD}.Release|Any CPU.ActiveCfg = Release|Any CPU
		{C6CF643D-C8FF-4390-9B75-826E5D8E1BAD}.Release|Any CPU.Build.0 = Release|Any CPU
	EndGlobalSection
	GlobalSection(SolutionProperties) = preSolution
		HideSolutionNode = FALSE
	EndGlobalSection
	GlobalSection(ExtensibilityGlobals) = postSolution
		SolutionGuid = {6B839DDB-D8E7-4DA3-87B9-58CAC076F660}
	EndGlobalSection
EndGlobal
